# THIS IS AN AUTOGENERATED FILE. DO NOT EDIT THIS FILE DIRECTLY.
# yarn lockfile v1


ansi-styles@~1.0.0:
  version "1.0.0"
  resolved "https://registry.yarnpkg.com/ansi-styles/-/ansi-styles-1.0.0.tgz#cb102df1c56f5123eab8b67cd7b98027a0279178"

array-includes@^3.0.2:
  version "3.0.3"
  resolved "https://registry.yarnpkg.com/array-includes/-/array-includes-3.0.3.tgz#184b48f62d92d7452bb31b323165c7f8bd02266d"
  dependencies:
    define-properties "^1.1.2"
    es-abstract "^1.7.0"

async@*:
  version "2.5.0"
  resolved "https://registry.yarnpkg.com/async/-/async-2.5.0.tgz#843190fd6b7357a0b9e1c956edddd5ec8462b54d"
  dependencies:
    lodash "^4.14.0"

balanced-match@^1.0.0:
  version "1.0.0"
  resolved "https://registry.yarnpkg.com/balanced-match/-/balanced-match-1.0.0.tgz#89b4d199ab2bee49de164ea02b89ce462d71b767"

brace-expansion@^1.1.7:
  version "1.1.8"
  resolved "https://registry.yarnpkg.com/brace-expansion/-/brace-expansion-1.1.8.tgz#c07b211c7c952ec1f8efd51a77ef0d1d3990a292"
  dependencies:
    balanced-match "^1.0.0"
    concat-map "0.0.1"

chalk@~0.4.0:
  version "0.4.0"
  resolved "https://registry.yarnpkg.com/chalk/-/chalk-0.4.0.tgz#5199a3ddcd0c1efe23bc08c1b027b06176e0c64f"
  dependencies:
    ansi-styles "~1.0.0"
    has-color "~0.1.0"
    strip-ansi "~0.1.0"

colors@^1.1.2:
  version "1.1.2"
  resolved "https://registry.yarnpkg.com/colors/-/colors-1.1.2.tgz#168a4701756b6a7f51a12ce0c97bfa28c084ed63"

concat-map@0.0.1:
  version "0.0.1"
  resolved "https://registry.yarnpkg.com/concat-map/-/concat-map-0.0.1.tgz#d8a96bd77fd68df7793a73036a3ba0d5405d477b"

define-properties@^1.0.1, define-properties@^1.1.2:
  version "1.1.2"
  resolved "https://registry.yarnpkg.com/define-properties/-/define-properties-1.1.2.tgz#83a73f2fea569898fb737193c8f873caf6d45c94"
  dependencies:
    foreach "^2.0.5"
    object-keys "^1.0.8"

es-abstract@^1.2.1, es-abstract@^1.4.3, es-abstract@^1.5.1, es-abstract@^1.6.1, es-abstract@^1.7.0:
  version "1.7.0"
  resolved "https://registry.yarnpkg.com/es-abstract/-/es-abstract-1.7.0.tgz#dfade774e01bfcd97f96180298c449c8623fb94c"
  dependencies:
    es-to-primitive "^1.1.1"
    function-bind "^1.1.0"
    is-callable "^1.1.3"
    is-regex "^1.0.3"

es-to-primitive@^1.1.1:
  version "1.1.1"
  resolved "https://registry.yarnpkg.com/es-to-primitive/-/es-to-primitive-1.1.1.tgz#45355248a88979034b6792e19bb81f2b7975dd0d"
  dependencies:
    is-callable "^1.1.1"
    is-date-object "^1.0.1"
    is-symbol "^1.0.1"

es5-shim@^4.5.9:
  version "4.5.9"
  resolved "https://registry.yarnpkg.com/es5-shim/-/es5-shim-4.5.9.tgz#2a1e2b9e583ff5fed0c20a3ee2cbf3f75230a5c0"

es6-shim@^0.35.3:
  version "0.35.3"
  resolved "https://registry.yarnpkg.com/es6-shim/-/es6-shim-0.35.3.tgz#9bfb7363feffff87a6cdb6cd93e405ec3c4b6f26"

es7-shim@^6.0.0:
  version "6.0.0"
  resolved "https://registry.yarnpkg.com/es7-shim/-/es7-shim-6.0.0.tgz#0c430b40b8505ad15570721a8d8dd4eb0c553155"
  dependencies:
    array-includes "^3.0.2"
    object.entries "^1.0.3"
    object.getownpropertydescriptors "^2.0.2"
    object.values "^1.0.3"
    string-at "^1.0.1"
    string.prototype.padend "^3.0.0"
    string.prototype.padstart "^3.0.0"
    string.prototype.trimleft "^2.0.0"
    string.prototype.trimright "^2.0.0"

foreach@^2.0.5:
  version "2.0.5"
  resolved "https://registry.yarnpkg.com/foreach/-/foreach-2.0.5.tgz#0bee005018aeb260d0a3af3ae658dd0136ec1b99"

fs-walk@^0.0.1:
  version "0.0.1"
  resolved "https://registry.yarnpkg.com/fs-walk/-/fs-walk-0.0.1.tgz#f7fc91c3ae1eead07c998bc5d0dd41f2dbebd335"
  dependencies:
    async "*"

function-bind@^1.0.2, function-bind@^1.1.0:
  version "1.1.0"
  resolved "https://registry.yarnpkg.com/function-bind/-/function-bind-1.1.0.tgz#16176714c801798e4e8f2cf7f7529467bb4a5771"

has-color@~0.1.0:
  version "0.1.7"
  resolved "https://registry.yarnpkg.com/has-color/-/has-color-0.1.7.tgz#67144a5260c34fc3cca677d041daf52fe7b78b2f"

has@^1.0.1:
  version "1.0.1"
  resolved "https://registry.yarnpkg.com/has/-/has-1.0.1.tgz#8461733f538b0837c9361e39a9ab9e9704dc2f28"
  dependencies:
    function-bind "^1.0.2"

is-callable@^1.1.1, is-callable@^1.1.3:
  version "1.1.3"
  resolved "https://registry.yarnpkg.com/is-callable/-/is-callable-1.1.3.tgz#86eb75392805ddc33af71c92a0eedf74ee7604b2"

is-date-object@^1.0.1:
  version "1.0.1"
  resolved "https://registry.yarnpkg.com/is-date-object/-/is-date-object-1.0.1.tgz#9aa20eb6aeebbff77fbd33e74ca01b33581d3a16"

is-regex@^1.0.3, is-regex@^1.0.4:
  version "1.0.4"
  resolved "https://registry.yarnpkg.com/is-regex/-/is-regex-1.0.4.tgz#5517489b547091b0930e095654ced25ee97e9491"
  dependencies:
    has "^1.0.1"

is-symbol@^1.0.1:
  version "1.0.1"
  resolved "https://registry.yarnpkg.com/is-symbol/-/is-symbol-1.0.1.tgz#3cc59f00025194b6ab2e38dbae6689256b660572"

json3@^3.3.2:
  version "3.3.2"
  resolved "https://registry.yarnpkg.com/json3/-/json3-3.3.2.tgz#3c0434743df93e2f5c42aee7b19bcb483575f4e1"

lodash.isnull@^3.0.0:
  version "3.0.0"
  resolved "https://registry.yarnpkg.com/lodash.isnull/-/lodash.isnull-3.0.0.tgz#fafbe59ea1dca27eed786534039dd84c2e07c56e"

lodash@^4.14.0:
  version "4.17.4"
  resolved "https://registry.yarnpkg.com/lodash/-/lodash-4.17.4.tgz#78203a4d1c328ae1d86dca6460e369b57f4055ae"

minimatch@^3.0.4:
  version "3.0.4"
  resolved "https://registry.yarnpkg.com/minimatch/-/minimatch-3.0.4.tgz#5166e286457f03306064be5497e8dbb0c3d32083"
  dependencies:
    brace-expansion "^1.1.7"

nomnom@^1.8.1:
  version "1.8.1"
  resolved "https://registry.yarnpkg.com/nomnom/-/nomnom-1.8.1.tgz#2151f722472ba79e50a76fc125bb8c8f2e4dc2a7"
  dependencies:
    chalk "~0.4.0"
    underscore "~1.6.0"

object-keys@^1.0.8:
  version "1.0.11"
  resolved "https://registry.yarnpkg.com/object-keys/-/object-keys-1.0.11.tgz#c54601778ad560f1142ce0e01bcca8b56d13426d"

object.entries@^1.0.3:
  version "1.0.4"
  resolved "https://registry.yarnpkg.com/object.entries/-/object.entries-1.0.4.tgz#1bf9a4dd2288f5b33f3a993d257661f05d161a5f"
  dependencies:
    define-properties "^1.1.2"
    es-abstract "^1.6.1"
    function-bind "^1.1.0"
    has "^1.0.1"

object.getownpropertydescriptors@^2.0.2:
  version "2.0.3"
  resolved "https://registry.yarnpkg.com/object.getownpropertydescriptors/-/object.getownpropertydescriptors-2.0.3.tgz#8758c846f5b407adab0f236e0986f14b051caa16"
  dependencies:
    define-properties "^1.1.2"
    es-abstract "^1.5.1"

object.values@^1.0.3:
  version "1.0.4"
  resolved "https://registry.yarnpkg.com/object.values/-/object.values-1.0.4.tgz#e524da09b4f66ff05df457546ec72ac99f13069a"
  dependencies:
    define-properties "^1.1.2"
    es-abstract "^1.6.1"
    function-bind "^1.1.0"
    has "^1.0.1"

replace-x@^1.5.0:
  version "1.5.0"
  resolved "https://registry.yarnpkg.com/replace-x/-/replace-x-1.5.0.tgz#a0ee536843bffe74e77ce3c370e04ddd8e03aeb6"
  dependencies:
    colors "^1.1.2"
    es5-shim "^4.5.9"
    es6-shim "^0.35.3"
    es7-shim "^6.0.0"
    is-regex "^1.0.4"
    json3 "^3.3.2"
    lodash.isnull "^3.0.0"
    minimatch "^3.0.4"
    nomnom "^1.8.1"
    validate.io-undefined "^1.0.3"
    xregexp "^3.2.0"

string-at@^1.0.1:
  version "1.0.1"
  resolved "https://registry.yarnpkg.com/string-at/-/string-at-1.0.1.tgz#73b755adbaac3e178dabe7e4d7d79de56003fb37"
  dependencies:
    define-properties "^1.0.1"
    es-abstract "^1.2.1"
    function-bind "^1.0.2"

string.prototype.padend@^3.0.0:
  version "3.0.0"
  resolved "https://registry.yarnpkg.com/string.prototype.padend/-/string.prototype.padend-3.0.0.tgz#f3aaef7c1719f170c5eab1c32bf780d96e21f2f0"
  dependencies:
    define-properties "^1.1.2"
    es-abstract "^1.4.3"
    function-bind "^1.0.2"

string.prototype.padstart@^3.0.0:
  version "3.0.0"
  resolved "https://registry.yarnpkg.com/string.prototype.padstart/-/string.prototype.padstart-3.0.0.tgz#5bcfad39f4649bb2d031292e19bcf0b510d4b242"
  dependencies:
    define-properties "^1.1.2"
    es-abstract "^1.4.3"
    function-bind "^1.0.2"

string.prototype.trimleft@^2.0.0:
  version "2.0.0"
  resolved "https://registry.yarnpkg.com/string.prototype.trimleft/-/string.prototype.trimleft-2.0.0.tgz#68b6aa8e162c6a80e76e3a8a0c2e747186e271ff"
  dependencies:
    define-properties "^1.1.2"
    function-bind "^1.0.2"

string.prototype.trimright@^2.0.0:
  version "2.0.0"
  resolved "https://registry.yarnpkg.com/string.prototype.trimright/-/string.prototype.trimright-2.0.0.tgz#ab4a56d802a01fbe7293e11e84f24dc8164661dd"
  dependencies:
    define-properties "^1.1.2"
    function-bind "^1.0.2"

strip-ansi@~0.1.0:
  version "0.1.1"
  resolved "https://registry.yarnpkg.com/strip-ansi/-/strip-ansi-0.1.1.tgz#39e8a98d044d150660abe4a6808acf70bb7bc991"

underscore@~1.6.0:
  version "1.6.0"
  resolved "https://registry.yarnpkg.com/underscore/-/underscore-1.6.0.tgz#8b38b10cacdef63337b8b24e4ff86d45aea529a8"

validate.io-undefined@^1.0.3:
  version "1.0.3"
  resolved "https://registry.yarnpkg.com/validate.io-undefined/-/validate.io-undefined-1.0.3.tgz#7e27fcbb315b841e78243431897671929e20b7f4"

xregexp@^3.2.0:
  version "3.2.0"
  resolved "https://registry.yarnpkg.com/xregexp/-/xregexp-3.2.0.tgz#cb3601987bfe2695b584000c18f1c4a8c322878e"
